// !$*UTF8*$!
{
	archiveVersion = 1;
	classes = {
	};
	objectVersion = 46;
	objects = {

/* Begin PBXBuildFile section */
		BDAD6C5E1BD901F100BB53B2 /* ExampleDataManager.swift in Sources */ = {isa = PBXBuildFile; fileRef = BDAD6C531BD901F100BB53B2 /* ExampleDataManager.swift */; settings = {ASSET_TAGS = (); }; };
		BDAD6C5F1BD901F100BB53B2 /* ExampleModuleProtocols.swift in Sources */ = {isa = PBXBuildFile; fileRef = BDAD6C541BD901F100BB53B2 /* ExampleModuleProtocols.swift */; settings = {ASSET_TAGS = (); }; };
		BDAD6C601BD901F100BB53B2 /* ExampleInteractor.swift in Sources */ = {isa = PBXBuildFile; fileRef = BDAD6C561BD901F100BB53B2 /* ExampleInteractor.swift */; settings = {ASSET_TAGS = (); }; };
		BDAD6C611BD901F100BB53B2 /* ExamplePresenter.swift in Sources */ = {isa = PBXBuildFile; fileRef = BDAD6C581BD901F100BB53B2 /* ExamplePresenter.swift */; settings = {ASSET_TAGS = (); }; };
		BDAD6C621BD901F100BB53B2 /* Example.storyboard in Resources */ = {isa = PBXBuildFile; fileRef = BDAD6C5A1BD901F100BB53B2 /* Example.storyboard */; settings = {ASSET_TAGS = (); }; };
		BDAD6C631BD901F100BB53B2 /* ExampleViewController.swift in Sources */ = {isa = PBXBuildFile; fileRef = BDAD6C5B1BD901F100BB53B2 /* ExampleViewController.swift */; settings = {ASSET_TAGS = (); }; };
		BDAD6C641BD901F100BB53B2 /* ExampleWireframe.swift in Sources */ = {isa = PBXBuildFile; fileRef = BDAD6C5D1BD901F100BB53B2 /* ExampleWireframe.swift */; settings = {ASSET_TAGS = (); }; };
		BDF5771C1BD7C52B0042652F /* LaunchScreen.storyboard in Resources */ = {isa = PBXBuildFile; fileRef = BDF576491BD7C52B0042652F /* LaunchScreen.storyboard */; settings = {ASSET_TAGS = (); }; };
		BDF577ED1BD7C7D20042652F /* AppConfig.swift in Sources */ = {isa = PBXBuildFile; fileRef = BDF577971BD7C7D20042652F /* AppConfig.swift */; settings = {ASSET_TAGS = (); }; };
		BDF577EF1BD7C7D20042652F /* Constants.swift in Sources */ = {isa = PBXBuildFile; fileRef = BDF577991BD7C7D20042652F /* Constants.swift */; settings = {ASSET_TAGS = (); }; };
		BDF577F31BD7C7D20042652F /* ISO8601DateTransformer.swift in Sources */ = {isa = PBXBuildFile; fileRef = BDF5779F1BD7C7D20042652F /* ISO8601DateTransformer.swift */; settings = {ASSET_TAGS = (); }; };
		BDF577F41BD7C7D20042652F /* ExampleEntity.swift in Sources */ = {isa = PBXBuildFile; fileRef = BDF577A01BD7C7D20042652F /* ExampleEntity.swift */; settings = {ASSET_TAGS = (); }; };
		BDF5780A1BD7C7D20042652F /* MainDataManager.swift in Sources */ = {isa = PBXBuildFile; fileRef = BDF577C61BD7C7D20042652F /* MainDataManager.swift */; settings = {ASSET_TAGS = (); }; };
		BDF5780B1BD7C7D20042652F /* MainInteractor.swift in Sources */ = {isa = PBXBuildFile; fileRef = BDF577C81BD7C7D20042652F /* MainInteractor.swift */; settings = {ASSET_TAGS = (); }; };
		BDF5780C1BD7C7D20042652F /* MainModuleProtocols.swift in Sources */ = {isa = PBXBuildFile; fileRef = BDF577C91BD7C7D20042652F /* MainModuleProtocols.swift */; settings = {ASSET_TAGS = (); }; };
		BDF5780D1BD7C7D20042652F /* MainPresenter.swift in Sources */ = {isa = PBXBuildFile; fileRef = BDF577CB1BD7C7D20042652F /* MainPresenter.swift */; settings = {ASSET_TAGS = (); }; };
		BDF5780E1BD7C7D20042652F /* Main.storyboard in Resources */ = {isa = PBXBuildFile; fileRef = BDF577CD1BD7C7D20042652F /* Main.storyboard */; settings = {ASSET_TAGS = (); }; };
		BDF578111BD7C7D20042652F /* MainWireframe.swift in Sources */ = {isa = PBXBuildFile; fileRef = BDF577D41BD7C7D20042652F /* MainWireframe.swift */; settings = {ASSET_TAGS = (); }; };
		BDF578171BD7C7D20042652F /* Images.xcassets in Resources */ = {isa = PBXBuildFile; fileRef = BDF577DD1BD7C7D20042652F /* Images.xcassets */; settings = {ASSET_TAGS = (); }; };
		BDF578191BD7C7D20042652F /* Api.swift in Sources */ = {isa = PBXBuildFile; fileRef = BDF577E11BD7C7D20042652F /* Api.swift */; settings = {ASSET_TAGS = (); }; };
		BDF5781A1BD7C7D20042652F /* DataStoreReaderProtocol.swift in Sources */ = {isa = PBXBuildFile; fileRef = BDF577E21BD7C7D20042652F /* DataStoreReaderProtocol.swift */; settings = {ASSET_TAGS = (); }; };
		BDF5781B1BD7C7D20042652F /* DataStoreWriterProtocol.swift in Sources */ = {isa = PBXBuildFile; fileRef = BDF577E31BD7C7D20042652F /* DataStoreWriterProtocol.swift */; settings = {ASSET_TAGS = (); }; };
		BDF5781C1BD7C7D20042652F /* JsonFileDataStore.swift in Sources */ = {isa = PBXBuildFile; fileRef = BDF577E41BD7C7D20042652F /* JsonFileDataStore.swift */; settings = {ASSET_TAGS = (); }; };
		BDF5781D1BD7C7D20042652F /* Router.swift in Sources */ = {isa = PBXBuildFile; fileRef = BDF577E51BD7C7D20042652F /* Router.swift */; settings = {ASSET_TAGS = (); }; };
		BDF578211BD7C7D20042652F /* ExampleMapper.swift in Sources */ = {isa = PBXBuildFile; fileRef = BDF577EB1BD7C7D20042652F /* ExampleMapper.swift */; settings = {ASSET_TAGS = (); }; };
		BDF578241BD7C8330042652F /* ExampleViewModel.swift in Sources */ = {isa = PBXBuildFile; fileRef = BDF578231BD7C8330042652F /* ExampleViewModel.swift */; settings = {ASSET_TAGS = (); }; };
		BDF578261BD7C9E90042652F /* Assets.xcassets in Resources */ = {isa = PBXBuildFile; fileRef = BDF578251BD7C9E90042652F /* Assets.xcassets */; settings = {ASSET_TAGS = (); }; };
		BDF578291BD7CA680042652F /* AppDelegate.swift in Sources */ = {isa = PBXBuildFile; fileRef = BDF578281BD7CA680042652F /* AppDelegate.swift */; settings = {ASSET_TAGS = (); }; };
		BDF5784A1BD7CE150042652F /* MainViewController.swift in Sources */ = {isa = PBXBuildFile; fileRef = BDF578491BD7CE150042652F /* MainViewController.swift */; settings = {ASSET_TAGS = (); }; };
		BDF578771BD7D8C80042652F /* ApiTests.swift in Sources */ = {isa = PBXBuildFile; fileRef = BDF577171BD7C52B0042652F /* ApiTests.swift */; };
		BDF578781BD7D8C80042652F /* MainInteractorTests.swift in Sources */ = {isa = PBXBuildFile; fileRef = BDF577191BD7C52B0042652F /* MainInteractorTests.swift */; };
/* End PBXBuildFile section */

/* Begin PBXContainerItemProxy section */
		3F20C4331BBED5FD007B72AB /* PBXContainerItemProxy */ = {
			isa = PBXContainerItemProxy;
			containerPortal = BDA84D761BBE86F5009486AB /* Project object */;
			proxyType = 1;
			remoteGlobalIDString = BDA84D7D1BBE86F5009486AB;
			remoteInfo = DPPMigrationApp;
		};
/* End PBXContainerItemProxy section */

/* Begin PBXFileReference section */
		3F20C42E1BBED5FD007B72AB /* [[PROJECT_NAME]]Tests.xctest */ = {isa = PBXFileReference; explicitFileType = wrapper.cfbundle; includeInIndex = 0; path = "[[PROJECT_NAME]]Tests.xctest"; sourceTree = BUILT_PRODUCTS_DIR; };
		BDA84D7E1BBE86F5009486AB /* [[PROJECT_NAME]].app */ = {isa = PBXFileReference; explicitFileType = wrapper.application; includeInIndex = 0; path = "[[PROJECT_NAME]].app"; sourceTree = BUILT_PRODUCTS_DIR; };
		BDAD6C531BD901F100BB53B2 /* ExampleDataManager.swift */ = {isa = PBXFileReference; fileEncoding = 4; lastKnownFileType = sourcecode.swift; path = ExampleDataManager.swift; sourceTree = "<group>"; };
		BDAD6C541BD901F100BB53B2 /* ExampleModuleProtocols.swift */ = {isa = PBXFileReference; fileEncoding = 4; lastKnownFileType = sourcecode.swift; path = ExampleModuleProtocols.swift; sourceTree = "<group>"; };
		BDAD6C561BD901F100BB53B2 /* ExampleInteractor.swift */ = {isa = PBXFileReference; fileEncoding = 4; lastKnownFileType = sourcecode.swift; path = ExampleInteractor.swift; sourceTree = "<group>"; };
		BDAD6C581BD901F100BB53B2 /* ExamplePresenter.swift */ = {isa = PBXFileReference; fileEncoding = 4; lastKnownFileType = sourcecode.swift; path = ExamplePresenter.swift; sourceTree = "<group>"; };
		BDAD6C5A1BD901F100BB53B2 /* Example.storyboard */ = {isa = PBXFileReference; fileEncoding = 4; lastKnownFileType = file.storyboard; path = Example.storyboard; sourceTree = "<group>"; };
		BDAD6C5B1BD901F100BB53B2 /* ExampleViewController.swift */ = {isa = PBXFileReference; fileEncoding = 4; lastKnownFileType = sourcecode.swift; path = ExampleViewController.swift; sourceTree = "<group>"; };
		BDAD6C5D1BD901F100BB53B2 /* ExampleWireframe.swift */ = {isa = PBXFileReference; fileEncoding = 4; lastKnownFileType = sourcecode.swift; path = ExampleWireframe.swift; sourceTree = "<group>"; };
		BDF5764A1BD7C52B0042652F /* Base */ = {isa = PBXFileReference; lastKnownFileType = file.storyboard; name = Base; path = Base.lproj/LaunchScreen.storyboard; sourceTree = "<group>"; };
		BDF576D81BD7C52B0042652F /* [[PROJECT_NAME]]-Info.plist */ = {isa = PBXFileReference; fileEncoding = 4; lastKnownFileType = text.plist.xml; path = "[[PROJECT_NAME]]-Info.plist"; sourceTree = "<group>"; };
		BDF577171BD7C52B0042652F /* ApiTests.swift */ = {isa = PBXFileReference; fileEncoding = 4; lastKnownFileType = sourcecode.swift; path = ApiTests.swift; sourceTree = "<group>"; };
		BDF577181BD7C52B0042652F /* Info.plist */ = {isa = PBXFileReference; fileEncoding = 4; lastKnownFileType = text.plist.xml; path = Info.plist; sourceTree = "<group>"; };
		BDF577191BD7C52B0042652F /* MainInteractorTests.swift */ = {isa = PBXFileReference; fileEncoding = 4; lastKnownFileType = sourcecode.swift; path = MainInteractorTests.swift; sourceTree = "<group>"; };
		BDF577971BD7C7D20042652F /* AppConfig.swift */ = {isa = PBXFileReference; fileEncoding = 4; lastKnownFileType = sourcecode.swift; path = AppConfig.swift; sourceTree = "<group>"; };
		BDF577991BD7C7D20042652F /* Constants.swift */ = {isa = PBXFileReference; fileEncoding = 4; lastKnownFileType = sourcecode.swift; path = Constants.swift; sourceTree = "<group>"; };
		BDF5779F1BD7C7D20042652F /* ISO8601DateTransformer.swift */ = {isa = PBXFileReference; fileEncoding = 4; lastKnownFileType = sourcecode.swift; path = ISO8601DateTransformer.swift; sourceTree = "<group>"; };
		BDF577A01BD7C7D20042652F /* ExampleEntity.swift */ = {isa = PBXFileReference; fileEncoding = 4; lastKnownFileType = sourcecode.swift; path = ExampleEntity.swift; sourceTree = "<group>"; };
		BDF577C61BD7C7D20042652F /* MainDataManager.swift */ = {isa = PBXFileReference; fileEncoding = 4; lastKnownFileType = sourcecode.swift; path = MainDataManager.swift; sourceTree = "<group>"; };
		BDF577C81BD7C7D20042652F /* MainInteractor.swift */ = {isa = PBXFileReference; fileEncoding = 4; lastKnownFileType = sourcecode.swift; path = MainInteractor.swift; sourceTree = "<group>"; };
		BDF577C91BD7C7D20042652F /* MainModuleProtocols.swift */ = {isa = PBXFileReference; fileEncoding = 4; lastKnownFileType = sourcecode.swift; path = MainModuleProtocols.swift; sourceTree = "<group>"; };
		BDF577CB1BD7C7D20042652F /* MainPresenter.swift */ = {isa = PBXFileReference; fileEncoding = 4; lastKnownFileType = sourcecode.swift; path = MainPresenter.swift; sourceTree = "<group>"; };
		BDF577CE1BD7C7D20042652F /* Base */ = {isa = PBXFileReference; lastKnownFileType = file.storyboard; name = Base; path = Base.lproj/Main.storyboard; sourceTree = "<group>"; };
		BDF577D41BD7C7D20042652F /* MainWireframe.swift */ = {isa = PBXFileReference; fileEncoding = 4; lastKnownFileType = sourcecode.swift; path = MainWireframe.swift; sourceTree = "<group>"; };
		BDF577DD1BD7C7D20042652F /* Images.xcassets */ = {isa = PBXFileReference; lastKnownFileType = folder.assetcatalog; path = Images.xcassets; sourceTree = "<group>"; };
		BDF577E11BD7C7D20042652F /* Api.swift */ = {isa = PBXFileReference; fileEncoding = 4; lastKnownFileType = sourcecode.swift; path = Api.swift; sourceTree = "<group>"; };
		BDF577E21BD7C7D20042652F /* DataStoreReaderProtocol.swift */ = {isa = PBXFileReference; fileEncoding = 4; lastKnownFileType = sourcecode.swift; path = DataStoreReaderProtocol.swift; sourceTree = "<group>"; };
		BDF577E31BD7C7D20042652F /* DataStoreWriterProtocol.swift */ = {isa = PBXFileReference; fileEncoding = 4; lastKnownFileType = sourcecode.swift; path = DataStoreWriterProtocol.swift; sourceTree = "<group>"; };
		BDF577E41BD7C7D20042652F /* JsonFileDataStore.swift */ = {isa = PBXFileReference; fileEncoding = 4; lastKnownFileType = sourcecode.swift; path = JsonFileDataStore.swift; sourceTree = "<group>"; };
		BDF577E51BD7C7D20042652F /* Router.swift */ = {isa = PBXFileReference; fileEncoding = 4; lastKnownFileType = sourcecode.swift; path = Router.swift; sourceTree = "<group>"; };
		BDF577EB1BD7C7D20042652F /* ExampleMapper.swift */ = {isa = PBXFileReference; fileEncoding = 4; lastKnownFileType = sourcecode.swift; path = ExampleMapper.swift; sourceTree = "<group>"; };
		BDF578231BD7C8330042652F /* ExampleViewModel.swift */ = {isa = PBXFileReference; fileEncoding = 4; lastKnownFileType = sourcecode.swift; path = ExampleViewModel.swift; sourceTree = "<group>"; };
		BDF578251BD7C9E90042652F /* Assets.xcassets */ = {isa = PBXFileReference; lastKnownFileType = folder.assetcatalog; path = Assets.xcassets; sourceTree = "<group>"; };
		BDF578281BD7CA680042652F /* AppDelegate.swift */ = {isa = PBXFileReference; fileEncoding = 4; lastKnownFileType = sourcecode.swift; path = AppDelegate.swift; sourceTree = "<group>"; };
		BDF578491BD7CE150042652F /* MainViewController.swift */ = {isa = PBXFileReference; fileEncoding = 4; lastKnownFileType = sourcecode.swift; path = MainViewController.swift; sourceTree = "<group>"; };
/* End PBXFileReference section */

/* Begin PBXFrameworksBuildPhase section */
		3F20C42B1BBED5FD007B72AB /* Frameworks */ = {
			isa = PBXFrameworksBuildPhase;
			buildActionMask = 2147483647;
			files = (
			);
			runOnlyForDeploymentPostprocessing = 0;
		};
		BDA84D7B1BBE86F5009486AB /* Frameworks */ = {
			isa = PBXFrameworksBuildPhase;
			buildActionMask = 2147483647;
			files = (
			);
			runOnlyForDeploymentPostprocessing = 0;
		};
/* End PBXFrameworksBuildPhase section */

/* Begin PBXGroup section */
		BDA84D751BBE86F5009486AB = {
			isa = PBXGroup;
			children = (
				BDF576451BD7C52B0042652F /* [[PROJECT_NAME]] */,
				BDF577161BD7C52B0042652F /* [[PROJECT_NAME]]Tests */,
				BDA84D7F1BBE86F5009486AB /* Products */,
			);
			sourceTree = "<group>";
		};
		BDA84D7F1BBE86F5009486AB /* Products */ = {
			isa = PBXGroup;
			children = (
				BDA84D7E1BBE86F5009486AB /* [[PROJECT_NAME]].app */,
				3F20C42E1BBED5FD007B72AB /* [[PROJECT_NAME]]Tests.xctest */,
			);
			name = Products;
			sourceTree = "<group>";
		};
		BDAD6C511BD901F100BB53B2 /* Example */ = {
			isa = PBXGroup;
			children = (
				BDAD6C521BD901F100BB53B2 /* DataManager */,
				BDAD6C541BD901F100BB53B2 /* ExampleModuleProtocols.swift */,
				BDAD6C551BD901F100BB53B2 /* Interactor */,
				BDAD6C571BD901F100BB53B2 /* Presenter */,
				BDAD6C591BD901F100BB53B2 /* View */,
				BDAD6C5C1BD901F100BB53B2 /* Wireframe */,
			);
			path = Example;
			sourceTree = "<group>";
		};
		BDAD6C521BD901F100BB53B2 /* DataManager */ = {
			isa = PBXGroup;
			children = (
				BDAD6C531BD901F100BB53B2 /* ExampleDataManager.swift */,
			);
			path = DataManager;
			sourceTree = "<group>";
		};
		BDAD6C551BD901F100BB53B2 /* Interactor */ = {
			isa = PBXGroup;
			children = (
				BDAD6C561BD901F100BB53B2 /* ExampleInteractor.swift */,
			);
			path = Interactor;
			sourceTree = "<group>";
		};
		BDAD6C571BD901F100BB53B2 /* Presenter */ = {
			isa = PBXGroup;
			children = (
				BDAD6C581BD901F100BB53B2 /* ExamplePresenter.swift */,
			);
			path = Presenter;
			sourceTree = "<group>";
		};
		BDAD6C591BD901F100BB53B2 /* View */ = {
			isa = PBXGroup;
			children = (
				BDAD6C5A1BD901F100BB53B2 /* Example.storyboard */,
				BDAD6C5B1BD901F100BB53B2 /* ExampleViewController.swift */,
			);
			path = View;
			sourceTree = "<group>";
		};
		BDAD6C5C1BD901F100BB53B2 /* Wireframe */ = {
			isa = PBXGroup;
			children = (
				BDAD6C5D1BD901F100BB53B2 /* ExampleWireframe.swift */,
			);
			path = Wireframe;
			sourceTree = "<group>";
		};
		BDF576451BD7C52B0042652F /* [[PROJECT_NAME]] */ = {
			isa = PBXGroup;
			children = (
				BDF578281BD7CA680042652F /* AppDelegate.swift */,
				BDF5779A1BD7C7D20042652F /* Enitites */,
				BDF577E61BD7C7D20042652F /* ViewModels */,
				BDF577A61BD7C7D20042652F /* Modules */,
				BDF577DF1BD7C7D20042652F /* Shared */,
				BDF577D51BD7C7D20042652F /* Resources */,
				BDF578481BD7CCDC0042652F /* Supporting Files */,
			);
			path = "[[PROJECT_NAME]]";
			sourceTree = "<group>";
		};
		BDF577161BD7C52B0042652F /* [[PROJECT_NAME]]Tests */ = {
			isa = PBXGroup;
			children = (
				BDF577171BD7C52B0042652F /* ApiTests.swift */,
				BDF577181BD7C52B0042652F /* Info.plist */,
				BDF577191BD7C52B0042652F /* MainInteractorTests.swift */,
			);
			path = "[[PROJECT_NAME]]Tests";
			sourceTree = "<group>";
		};
		BDF5779A1BD7C7D20042652F /* Enitites */ = {
			isa = PBXGroup;
			children = (
				BDF5779E1BD7C7D20042652F /* Mapping */,
				BDF577A01BD7C7D20042652F /* ExampleEntity.swift */,
			);
			path = Enitites;
			sourceTree = "<group>";
		};
		BDF5779E1BD7C7D20042652F /* Mapping */ = {
			isa = PBXGroup;
			children = (
				BDF5779F1BD7C7D20042652F /* ISO8601DateTransformer.swift */,
			);
			path = Mapping;
			sourceTree = "<group>";
		};
		BDF577A61BD7C7D20042652F /* Modules */ = {
			isa = PBXGroup;
			children = (
				BDAD6C511BD901F100BB53B2 /* Example */,
				BDF577C41BD7C7D20042652F /* Main */,
			);
			path = Modules;
			sourceTree = "<group>";
		};
		BDF577C41BD7C7D20042652F /* Main */ = {
			isa = PBXGroup;
			children = (
				BDF577C51BD7C7D20042652F /* DataManager */,
				BDF577C71BD7C7D20042652F /* Interactor */,
				BDF577CA1BD7C7D20042652F /* Presenter */,
				BDF577CC1BD7C7D20042652F /* View */,
				BDF577D31BD7C7D20042652F /* Wireframe */,
				BDF577C91BD7C7D20042652F /* MainModuleProtocols.swift */,
			);
			path = Main;
			sourceTree = "<group>";
		};
		BDF577C51BD7C7D20042652F /* DataManager */ = {
			isa = PBXGroup;
			children = (
				BDF577C61BD7C7D20042652F /* MainDataManager.swift */,
			);
			path = DataManager;
			sourceTree = "<group>";
		};
		BDF577C71BD7C7D20042652F /* Interactor */ = {
			isa = PBXGroup;
			children = (
				BDF577C81BD7C7D20042652F /* MainInteractor.swift */,
			);
			path = Interactor;
			sourceTree = "<group>";
		};
		BDF577CA1BD7C7D20042652F /* Presenter */ = {
			isa = PBXGroup;
			children = (
				BDF577CB1BD7C7D20042652F /* MainPresenter.swift */,
			);
			path = Presenter;
			sourceTree = "<group>";
		};
		BDF577CC1BD7C7D20042652F /* View */ = {
			isa = PBXGroup;
			children = (
				BDF577CD1BD7C7D20042652F /* Main.storyboard */,
				BDF578491BD7CE150042652F /* MainViewController.swift */,
			);
			path = View;
			sourceTree = "<group>";
		};
		BDF577D31BD7C7D20042652F /* Wireframe */ = {
			isa = PBXGroup;
			children = (
				BDF577D41BD7C7D20042652F /* MainWireframe.swift */,
			);
			path = Wireframe;
			sourceTree = "<group>";
		};
		BDF577D51BD7C7D20042652F /* Resources */ = {
			isa = PBXGroup;
			children = (
				BDF577D61BD7C7D20042652F /* Fonts */,
				BDF578251BD7C9E90042652F /* Assets.xcassets */,
				BDF577DD1BD7C7D20042652F /* Images.xcassets */,
				BDF576491BD7C52B0042652F /* LaunchScreen.storyboard */,
			);
			path = Resources;
			sourceTree = "<group>";
		};
		BDF577D61BD7C7D20042652F /* Fonts */ = {
			isa = PBXGroup;
			children = (
			);
			path = Fonts;
			sourceTree = "<group>";
		};
		BDF577DF1BD7C7D20042652F /* Shared */ = {
			isa = PBXGroup;
			children = (
				BDF577E01BD7C7D20042652F /* Data */,
				BDF577971BD7C7D20042652F /* AppConfig.swift */,
				BDF577991BD7C7D20042652F /* Constants.swift */,
				BDF577E51BD7C7D20042652F /* Router.swift */,
			);
			path = Shared;
			sourceTree = "<group>";
		};
		BDF577E01BD7C7D20042652F /* Data */ = {
			isa = PBXGroup;
			children = (
				BDF577E11BD7C7D20042652F /* Api.swift */,
				BDF577E21BD7C7D20042652F /* DataStoreReaderProtocol.swift */,
				BDF577E31BD7C7D20042652F /* DataStoreWriterProtocol.swift */,
				BDF577E41BD7C7D20042652F /* JsonFileDataStore.swift */,
			);
			path = Data;
			sourceTree = "<group>";
		};
		BDF577E61BD7C7D20042652F /* ViewModels */ = {
			isa = PBXGroup;
			children = (
				BDF577EA1BD7C7D20042652F /* Mapping */,
				BDF578231BD7C8330042652F /* ExampleViewModel.swift */,
			);
			path = ViewModels;
			sourceTree = "<group>";
		};
		BDF577EA1BD7C7D20042652F /* Mapping */ = {
			isa = PBXGroup;
			children = (
				BDF577EB1BD7C7D20042652F /* ExampleMapper.swift */,
			);
			path = Mapping;
			sourceTree = "<group>";
		};
		BDF578481BD7CCDC0042652F /* Supporting Files */ = {
			isa = PBXGroup;
			children = (
				BDF576D81BD7C52B0042652F /* [[PROJECT_NAME]]-Info.plist */,
			);
			path = "Supporting Files";
			sourceTree = "<group>";
		};
/* End PBXGroup section */

/* Begin PBXNativeTarget section */
		3F20C42D1BBED5FD007B72AB /* [[PROJECT_NAME]]Tests */ = {
			isa = PBXNativeTarget;
			buildConfigurationList = 3F20C4351BBED5FD007B72AB /* Build configuration list for PBXNativeTarget "[[PROJECT_NAME]]Tests" */;
			buildPhases = (
				3F20C42A1BBED5FD007B72AB /* Sources */,
				3F20C42B1BBED5FD007B72AB /* Frameworks */,
				3F20C42C1BBED5FD007B72AB /* Resources */,
			);
			buildRules = (
			);
			dependencies = (
				3F20C4341BBED5FD007B72AB /* PBXTargetDependency */,
			);
			name = "[[PROJECT_NAME]]Tests";
			productName = TabletoFrameworkTests;
			productReference = 3F20C42E1BBED5FD007B72AB /* [[PROJECT_NAME]]Tests.xctest */;
			productType = "com.apple.product-type.bundle.unit-test";
		};
		BDA84D7D1BBE86F5009486AB /* [[PROJECT_NAME]] */ = {
			isa = PBXNativeTarget;
			buildConfigurationList = BDA84D951BBE86F5009486AB /* Build configuration list for PBXNativeTarget "[[PROJECT_NAME]]" */;
			buildPhases = (
				BDA84D7A1BBE86F5009486AB /* Sources */,
				BDA84D7B1BBE86F5009486AB /* Frameworks */,
				BDA84D7C1BBE86F5009486AB /* Resources */,
			);
			buildRules = (
			);
			dependencies = (
			);
			name = "[[PROJECT_NAME]]";
			productName = DPPMigrationApp;
			productReference = BDA84D7E1BBE86F5009486AB /* [[PROJECT_NAME]].app */;
			productType = "com.apple.product-type.application";
		};
/* End PBXNativeTarget section */

/* Begin PBXProject section */
		BDA84D761BBE86F5009486AB /* Project object */ = {
			isa = PBXProject;
			attributes = {
				LastSwiftUpdateCheck = 0700;
				LastUpgradeCheck = 0700;
				ORGANIZATIONNAME = "Code Computerlove";
				TargetAttributes = {
					3F20C42D1BBED5FD007B72AB = {
						CreatedOnToolsVersion = 7.0.1;
						TestTargetID = BDA84D7D1BBE86F5009486AB;
					};
					BDA84D7D1BBE86F5009486AB = {
						CreatedOnToolsVersion = 7.0;
						DevelopmentTeam = AC67HH6JXY;
					};
				};
			};
			buildConfigurationList = BDA84D791BBE86F5009486AB /* Build configuration list for PBXProject "[[PROJECT_NAME]]" */;
			compatibilityVersion = "Xcode 3.2";
			developmentRegion = English;
			hasScannedForEncodings = 0;
			knownRegions = (
				en,
				Base,
			);
			mainGroup = BDA84D751BBE86F5009486AB;
			productRefGroup = BDA84D7F1BBE86F5009486AB /* Products */;
			projectDirPath = "";
			projectRoot = "";
			targets = (
				BDA84D7D1BBE86F5009486AB /* [[PROJECT_NAME]] */,
				3F20C42D1BBED5FD007B72AB /* [[PROJECT_NAME]]Tests */,
			);
		};
/* End PBXProject section */

/* Begin PBXResourcesBuildPhase section */
		3F20C42C1BBED5FD007B72AB /* Resources */ = {
			isa = PBXResourcesBuildPhase;
			buildActionMask = 2147483647;
			files = (
			);
			runOnlyForDeploymentPostprocessing = 0;
		};
		BDA84D7C1BBE86F5009486AB /* Resources */ = {
			isa = PBXResourcesBuildPhase;
			buildActionMask = 2147483647;
			files = (
				BDF5780E1BD7C7D20042652F /* Main.storyboard in Resources */,
				BDF578171BD7C7D20042652F /* Images.xcassets in Resources */,
				BDF578261BD7C9E90042652F /* Assets.xcassets in Resources */,
				BDAD6C621BD901F100BB53B2 /* Example.storyboard in Resources */,
				BDF5771C1BD7C52B0042652F /* LaunchScreen.storyboard in Resources */,
			);
			runOnlyForDeploymentPostprocessing = 0;
		};
/* End PBXResourcesBuildPhase section */

/* Begin PBXSourcesBuildPhase section */
		3F20C42A1BBED5FD007B72AB /* Sources */ = {
			isa = PBXSourcesBuildPhase;
			buildActionMask = 2147483647;
			files = (
				BDF578771BD7D8C80042652F /* ApiTests.swift in Sources */,
				BDF578781BD7D8C80042652F /* MainInteractorTests.swift in Sources */,
			);
			runOnlyForDeploymentPostprocessing = 0;
		};
		BDA84D7A1BBE86F5009486AB /* Sources */ = {
			isa = PBXSourcesBuildPhase;
			buildActionMask = 2147483647;
			files = (
				BDF5780A1BD7C7D20042652F /* MainDataManager.swift in Sources */,
				BDF5784A1BD7CE150042652F /* MainViewController.swift in Sources */,
				BDF5781C1BD7C7D20042652F /* JsonFileDataStore.swift in Sources */,
				BDF578241BD7C8330042652F /* ExampleViewModel.swift in Sources */,
				BDF578111BD7C7D20042652F /* MainWireframe.swift in Sources */,
				BDF577ED1BD7C7D20042652F /* AppConfig.swift in Sources */,
				BDF5781D1BD7C7D20042652F /* Router.swift in Sources */,
				BDF5781A1BD7C7D20042652F /* DataStoreReaderProtocol.swift in Sources */,
				BDF5780B1BD7C7D20042652F /* MainInteractor.swift in Sources */,
				BDAD6C5E1BD901F100BB53B2 /* ExampleDataManager.swift in Sources */,
				BDAD6C5F1BD901F100BB53B2 /* ExampleModuleProtocols.swift in Sources */,
				BDF5781B1BD7C7D20042652F /* DataStoreWriterProtocol.swift in Sources */,
				BDF5780D1BD7C7D20042652F /* MainPresenter.swift in Sources */,
				BDF578191BD7C7D20042652F /* Api.swift in Sources */,
				BDF578211BD7C7D20042652F /* ExampleMapper.swift in Sources */,
				BDF5780C1BD7C7D20042652F /* MainModuleProtocols.swift in Sources */,
				BDAD6C631BD901F100BB53B2 /* ExampleViewController.swift in Sources */,
				BDAD6C601BD901F100BB53B2 /* ExampleInteractor.swift in Sources */,
				BDAD6C611BD901F100BB53B2 /* ExamplePresenter.swift in Sources */,
				BDF577F41BD7C7D20042652F /* ExampleEntity.swift in Sources */,
				BDF577F31BD7C7D20042652F /* ISO8601DateTransformer.swift in Sources */,
				BDF577EF1BD7C7D20042652F /* Constants.swift in Sources */,
				BDF578291BD7CA680042652F /* AppDelegate.swift in Sources */,
				BDAD6C641BD901F100BB53B2 /* ExampleWireframe.swift in Sources */,
			);
			runOnlyForDeploymentPostprocessing = 0;
		};
/* End PBXSourcesBuildPhase section */

/* Begin PBXTargetDependency section */
		3F20C4341BBED5FD007B72AB /* PBXTargetDependency */ = {
			isa = PBXTargetDependency;
			target = BDA84D7D1BBE86F5009486AB /* [[PROJECT_NAME]] */;
			targetProxy = 3F20C4331BBED5FD007B72AB /* PBXContainerItemProxy */;
		};
/* End PBXTargetDependency section */

/* Begin PBXVariantGroup section */
		BDF576491BD7C52B0042652F /* LaunchScreen.storyboard */ = {
			isa = PBXVariantGroup;
			children = (
				BDF5764A1BD7C52B0042652F /* Base */,
			);
			name = LaunchScreen.storyboard;
			path = .;
			sourceTree = "<group>";
		};
		BDF577CD1BD7C7D20042652F /* Main.storyboard */ = {
			isa = PBXVariantGroup;
			children = (
				BDF577CE1BD7C7D20042652F /* Base */,
			);
			name = Main.storyboard;
			path = .;
			sourceTree = "<group>";
		};
/* End PBXVariantGroup section */

/* Begin XCBuildConfiguration section */
		3F20C4361BBED5FD007B72AB /* Debug */ = {
			isa = XCBuildConfiguration;
			buildSettings = {
				BUNDLE_LOADER = "$(TEST_HOST)";
				INFOPLIST_FILE = "[[PROJECT_NAME]]Tests/Info.plist";
				IPHONEOS_DEPLOYMENT_TARGET = 9.0;
				LD_RUNPATH_SEARCH_PATHS = "$(inherited) @executable_path/Frameworks @loader_path/Frameworks";
				PRODUCT_BUNDLE_IDENTIFIER = "com.codecomputerlove.[[PROJECT_NAME]]Tests";
				PRODUCT_NAME = "$(TARGET_NAME)";
				SWIFT_OPTIMIZATION_LEVEL = "-Onone";
				TEST_HOST = "$(BUILT_PRODUCTS_DIR)/[[PROJECT_NAME]].app/[[PROJECT_NAME]]";
			};
			name = Debug;
		};
		3F20C4371BBED5FD007B72AB /* Release */ = {
			isa = XCBuildConfiguration;
			buildSettings = {
				BUNDLE_LOADER = "$(TEST_HOST)";
				INFOPLIST_FILE = "[[PROJECT_NAME]]Tests/Info.plist";
				IPHONEOS_DEPLOYMENT_TARGET = 9.0;
				LD_RUNPATH_SEARCH_PATHS = "$(inherited) @executable_path/Frameworks @loader_path/Frameworks";
				PRODUCT_BUNDLE_IDENTIFIER = "com.codecomputerlove.[[PROJECT_NAME]]Tests";
				PRODUCT_NAME = "$(TARGET_NAME)";
				TEST_HOST = "$(BUILT_PRODUCTS_DIR)/[[PROJECT_NAME]].app/[[PROJECT_NAME]]";
			};
			name = Release;
		};
		BDA84D931BBE86F5009486AB /* Debug */ = {
			isa = XCBuildConfiguration;
			buildSettings = {
				ALWAYS_SEARCH_USER_PATHS = NO;
				CLANG_CXX_LANGUAGE_STANDARD = "gnu++0x";
				CLANG_CXX_LIBRARY = "libc++";
				CLANG_ENABLE_MODULES = YES;
				CLANG_ENABLE_OBJC_ARC = YES;
				CLANG_WARN_BOOL_CONVERSION = YES;
				CLANG_WARN_CONSTANT_CONVERSION = YES;
				CLANG_WARN_DIRECT_OBJC_ISA_USAGE = YES_ERROR;
				CLANG_WARN_EMPTY_BODY = YES;
				CLANG_WARN_ENUM_CONVERSION = YES;
				CLANG_WARN_INT_CONVERSION = YES;
				CLANG_WARN_OBJC_ROOT_CLASS = YES_ERROR;
				CLANG_WARN_UNREACHABLE_CODE = YES;
				CLANG_WARN__DUPLICATE_METHOD_MATCH = YES;
				"CODE_SIGN_IDENTITY[sdk=iphoneos*]" = "iPhone Developer";
				COPY_PHASE_STRIP = NO;
				DEBUG_INFORMATION_FORMAT = dwarf;
				ENABLE_STRICT_OBJC_MSGSEND = YES;
				ENABLE_TESTABILITY = YES;
				GCC_C_LANGUAGE_STANDARD = gnu99;
				GCC_DYNAMIC_NO_PIC = NO;
				GCC_NO_COMMON_BLOCKS = YES;
				GCC_OPTIMIZATION_LEVEL = 0;
				GCC_PREPROCESSOR_DEFINITIONS = (
					"DEBUG=1",
					"$(inherited)",
				);
				GCC_WARN_64_TO_32_BIT_CONVERSION = YES;
				GCC_WARN_ABOUT_RETURN_TYPE = YES_ERROR;
				GCC_WARN_UNDECLARED_SELECTOR = YES;
				GCC_WARN_UNINITIALIZED_AUTOS = YES_AGGRESSIVE;
				GCC_WARN_UNUSED_FUNCTION = YES;
				GCC_WARN_UNUSED_VARIABLE = YES;
				IPHONEOS_DEPLOYMENT_TARGET = 8.0;
				MTL_ENABLE_DEBUG_INFO = YES;
				ONLY_ACTIVE_ARCH = YES;
				SDKROOT = iphoneos;
				TARGETED_DEVICE_FAMILY = 2;
			};
			name = Debug;
		};
		BDA84D941BBE86F5009486AB /* Release */ = {
			isa = XCBuildConfiguration;
			buildSettings = {
				ALWAYS_SEARCH_USER_PATHS = NO;
				CLANG_CXX_LANGUAGE_STANDARD = "gnu++0x";
				CLANG_CXX_LIBRARY = "libc++";
				CLANG_ENABLE_MODULES = YES;
				CLANG_ENABLE_OBJC_ARC = YES;
				CLANG_WARN_BOOL_CONVERSION = YES;
				CLANG_WARN_CONSTANT_CONVERSION = YES;
				CLANG_WARN_DIRECT_OBJC_ISA_USAGE = YES_ERROR;
				CLANG_WARN_EMPTY_BODY = YES;
				CLANG_WARN_ENUM_CONVERSION = YES;
				CLANG_WARN_INT_CONVERSION = YES;
				CLANG_WARN_OBJC_ROOT_CLASS = YES_ERROR;
				CLANG_WARN_UNREACHABLE_CODE = YES;
				CLANG_WARN__DUPLICATE_METHOD_MATCH = YES;
				"CODE_SIGN_IDENTITY[sdk=iphoneos*]" = "iPhone Distribution";
				COPY_PHASE_STRIP = NO;
				DEBUG_INFORMATION_FORMAT = "dwarf-with-dsym";
				ENABLE_NS_ASSERTIONS = NO;
				ENABLE_STRICT_OBJC_MSGSEND = YES;
				GCC_C_LANGUAGE_STANDARD = gnu99;
				GCC_NO_COMMON_BLOCKS = YES;
				GCC_WARN_64_TO_32_BIT_CONVERSION = YES;
				GCC_WARN_ABOUT_RETURN_TYPE = YES_ERROR;
				GCC_WARN_UNDECLARED_SELECTOR = YES;
				GCC_WARN_UNINITIALIZED_AUTOS = YES_AGGRESSIVE;
				GCC_WARN_UNUSED_FUNCTION = YES;
				GCC_WARN_UNUSED_VARIABLE = YES;
				IPHONEOS_DEPLOYMENT_TARGET = 8.0;
				MTL_ENABLE_DEBUG_INFO = NO;
				SDKROOT = iphoneos;
				TARGETED_DEVICE_FAMILY = 2;
				VALIDATE_PRODUCT = YES;
			};
			name = Release;
		};
		BDA84D961BBE86F5009486AB /* Debug */ = {
			isa = XCBuildConfiguration;
			buildSettings = {
				ASSETCATALOG_COMPILER_APPICON_NAME = AppIcon;
				ASSETCATALOG_COMPILER_LAUNCHIMAGE_NAME = LaunchImage;
				CLANG_ENABLE_MODULES = YES;
				CODE_SIGN_IDENTITY = "iPhone Developer";
				ENABLE_BITCODE = NO;
				INFOPLIST_FILE = "$(SRCROOT)/[[PROJECT_NAME]]/Supporting Files/[[PROJECT_NAME]]-Info.plist";
				IPHONEOS_DEPLOYMENT_TARGET = 8.0;
				LD_RUNPATH_SEARCH_PATHS = "$(inherited) @executable_path/Frameworks";
				PRODUCT_BUNDLE_IDENTIFIER = "com.codecomputerlove.[[PROJECT_NAME]]";
				PRODUCT_NAME = "$(TARGET_NAME)";
				SWIFT_OPTIMIZATION_LEVEL = "-Onone";
				TARGETED_DEVICE_FAMILY = "1,2";
			};
			name = Debug;
		};
		BDA84D971BBE86F5009486AB /* Release */ = {
			isa = XCBuildConfiguration;
			buildSettings = {
				ASSETCATALOG_COMPILER_APPICON_NAME = AppIcon;
				ASSETCATALOG_COMPILER_LAUNCHIMAGE_NAME = LaunchImage;
				CLANG_ENABLE_MODULES = YES;
				CODE_SIGN_IDENTITY = "iPhone Developer";
				ENABLE_BITCODE = NO;
				INFOPLIST_FILE = "$(SRCROOT)/[[PROJECT_NAME]]/Supporting Files/[[PROJECT_NAME]]-Info.plist";
				IPHONEOS_DEPLOYMENT_TARGET = 8.0;
				LD_RUNPATH_SEARCH_PATHS = "$(inherited) @executable_path/Frameworks";
				PRODUCT_BUNDLE_IDENTIFIER = "com.codecomputerlove.[[PROJECT_NAME]]";
				PRODUCT_NAME = "$(TARGET_NAME)";
				TARGETED_DEVICE_FAMILY = "1,2";
			};
			name = Release;
		};
/* End XCBuildConfiguration section */

/* Begin XCConfigurationList section */
		3F20C4351BBED5FD007B72AB /* Build configuration list for PBXNativeTarget "[[PROJECT_NAME]]Tests" */ = {
			isa = XCConfigurationList;
			buildConfigurations = (
				3F20C4361BBED5FD007B72AB /* Debug */,
				3F20C4371BBED5FD007B72AB /* Release */,
			);
			defaultConfigurationIsVisible = 0;
			defaultConfigurationName = Release;
		};
		BDA84D791BBE86F5009486AB /* Build configuration list for PBXProject "[[PROJECT_NAME]]" */ = {
			isa = XCConfigurationList;
			buildConfigurations = (
				BDA84D931BBE86F5009486AB /* Debug */,
				BDA84D941BBE86F5009486AB /* Release */,
			);
			defaultConfigurationIsVisible = 0;
			defaultConfigurationName = Release;
		};
		BDA84D951BBE86F5009486AB /* Build configuration list for PBXNativeTarget "[[PROJECT_NAME]]" */ = {
			isa = XCConfigurationList;
			buildConfigurations = (
				BDA84D961BBE86F5009486AB /* Debug */,
				BDA84D971BBE86F5009486AB /* Release */,
			);
			defaultConfigurationIsVisible = 0;
			defaultConfigurationName = Release;
		};
/* End XCConfigurationList section */
	};
	rootObject = BDA84D761BBE86F5009486AB /* Project object */;
}
