PODS:
  - Alamofire (2.0.2)
  - Crashlytics (3.4.1):
    - Fabric (~> 1.6.0)
  - CryptoSwift (0.1.1)
  - Fabric (1.6.1)
  - GoogleAnalytics (3.13.0)
  - JSONModel (1.1.0)
  - ObjectMapper (0.18)
  - SwiftyJSON (2.3.0)

DEPENDENCIES:
  - Alamofire (= 2.0.2)
  - Crashlytics
  - CryptoSwift
  - Fabric
  - GoogleAnalytics (~> 3.13)
  - JSONModel
  - ObjectMapper
  - SwiftyJSON (~> 2.3)

SPEC CHECKSUMS:
  Alamofire: 8edbab00802a752bb5240cc2abe70e7e881488ad
  Crashlytics: 41574a245bc6ae10c55d57f385ebd2004e5bee05
  CryptoSwift: c11640d3d66107efc8333e4131a5173f072b1d61
  Fabric: bf0ceb04e7c924090efc5f8c55e4fbcca189e0a0
  GoogleAnalytics: fcf1f1cad57ae1a9a53520018f0f680ceeeb8b49
  JSONModel: ec77e9865236a7a09d9cf7668df6b4b328d9ec1d
  ObjectMapper: 0dec0fec1e10b707ba94dd0891580a582ab84cf0
  SwiftyJSON: 8d6b61a70277ef2a5d710d372e06e7e2d87fb9e4

COCOAPODS: 0.39.0
